
Microsoft Visual Studio Solution File, Format Version 12.00
# Visual Studio Version 16
VisualStudioVersion = 16.6.30114.105
MinimumVisualStudioVersion = 10.0.40219.1
Project("{F2A71F9B-5D33-465A-A702-920D77279786}") = "FsMake", "FsMake\FsMake.fsproj", "{AF9FCCEE-AFDE-4F8D-A9E7-976669482D24}"
EndProject
Project("{F2A71F9B-5D33-465A-A702-920D77279786}") = "FsMake.UnitTests", "FsMake.UnitTests\FsMake.UnitTests.fsproj", "{F03F9D57-77D1-42F7-870A-9F32F83D9A91}"
EndProject
Global
	GlobalSection(SolutionConfigurationPlatforms) = preSolution
		Debug|Any CPU = Debug|Any CPU
		Debug|x64 = Debug|x64
		Debug|x86 = Debug|x86
		Release|Any CPU = Release|Any CPU
		Release|x64 = Release|x64
		Release|x86 = Release|x86
	EndGlobalSection
	GlobalSection(SolutionProperties) = preSolution
		HideSolutionNode = FALSE
	EndGlobalSection
	GlobalSection(ProjectConfigurationPlatforms) = postSolution
		{AF9FCCEE-AFDE-4F8D-A9E7-976669482D24}.Debug|Any CPU.ActiveCfg = Debug|Any CPU
		{AF9FCCEE-AFDE-4F8D-A9E7-976669482D24}.Debug|Any CPU.Build.0 = Debug|Any CPU
		{AF9FCCEE-AFDE-4F8D-A9E7-976669482D24}.Debug|x64.ActiveCfg = Debug|Any CPU
		{AF9FCCEE-AFDE-4F8D-A9E7-976669482D24}.Debug|x64.Build.0 = Debug|Any CPU
		{AF9FCCEE-AFDE-4F8D-A9E7-976669482D24}.Debug|x86.ActiveCfg = Debug|Any CPU
		{AF9FCCEE-AFDE-4F8D-A9E7-976669482D24}.Debug|x86.Build.0 = Debug|Any CPU
		{AF9FCCEE-AFDE-4F8D-A9E7-976669482D24}.Release|Any CPU.ActiveCfg = Release|Any CPU
		{AF9FCCEE-AFDE-4F8D-A9E7-976669482D24}.Release|Any CPU.Build.0 = Release|Any CPU
		{AF9FCCEE-AFDE-4F8D-A9E7-976669482D24}.Release|x64.ActiveCfg = Release|Any CPU
		{AF9FCCEE-AFDE-4F8D-A9E7-976669482D24}.Release|x64.Build.0 = Release|Any CPU
		{AF9FCCEE-AFDE-4F8D-A9E7-976669482D24}.Release|x86.ActiveCfg = Release|Any CPU
		{AF9FCCEE-AFDE-4F8D-A9E7-976669482D24}.Release|x86.Build.0 = Release|Any CPU
		{F03F9D57-77D1-42F7-870A-9F32F83D9A91}.Debug|Any CPU.ActiveCfg = Debug|Any CPU
		{F03F9D57-77D1-42F7-870A-9F32F83D9A91}.Debug|Any CPU.Build.0 = Debug|Any CPU
		{F03F9D57-77D1-42F7-870A-9F32F83D9A91}.Debug|x64.ActiveCfg = Debug|Any CPU
		{F03F9D57-77D1-42F7-870A-9F32F83D9A91}.Debug|x64.Build.0 = Debug|Any CPU
		{F03F9D57-77D1-42F7-870A-9F32F83D9A91}.Debug|x86.ActiveCfg = Debug|Any CPU
		{F03F9D57-77D1-42F7-870A-9F32F83D9A91}.Debug|x86.Build.0 = Debug|Any CPU
		{F03F9D57-77D1-42F7-870A-9F32F83D9A91}.Release|Any CPU.ActiveCfg = Release|Any CPU
		{F03F9D57-77D1-42F7-870A-9F32F83D9A91}.Release|Any CPU.Build.0 = Release|Any CPU
		{F03F9D57-77D1-42F7-870A-9F32F83D9A91}.Release|x64.ActiveCfg = Release|Any CPU
		{F03F9D57-77D1-42F7-870A-9F32F83D9A91}.Release|x64.Build.0 = Release|Any CPU
		{F03F9D57-77D1-42F7-870A-9F32F83D9A91}.Release|x86.ActiveCfg = Release|Any CPU
		{F03F9D57-77D1-42F7-870A-9F32F83D9A91}.Release|x86.Build.0 = Release|Any CPU
	EndGlobalSection
EndGlobal
